// !$*UTF8*$!
{
	archiveVersion = 1;
	classes = {
	};
	objectVersion = 77;
	objects = {

/* Begin PBXBuildFile section */
		4607BB5E2DE8DEE800FB53D1 /* DGCharts in Frameworks */ = {isa = PBXBuildFile; productRef = 4607BB5D2DE8DEE800FB53D1 /* DGCharts */; };
		46442C922E02F4DF00BEC27E /* IMProgressHUD in Frameworks */ = {isa = PBXBuildFile; productRef = 46442C912E02F4DF00BEC27E /* IMProgressHUD */; };
		4668CF972E6090F0003EC84C /* HeartRate Watch App.app in Embed Watch Content */ = {isa = PBXBuildFile; fileRef = 4668CF8D2E6090ED003EC84C /* HeartRate Watch App.app */; settings = {ATTRIBUTES = (RemoveHeadersOnCopy, ); }; };
		4677EB4B2DF302EF007B74A7 /* AppsFlyerLib in Frameworks */ = {isa = PBXBuildFile; productRef = 4677EB4A2DF302EF007B74A7 /* AppsFlyerLib */; };
		467E5C8D2DDDF171001B9048 /* RealmSwift in Frameworks */ = {isa = PBXBuildFile; productRef = 467E5C8C2DDDF171001B9048 /* RealmSwift */; };
		467E5C902DDDF17C001B9048 /* SwiftyStoreKit in Frameworks */ = {isa = PBXBuildFile; productRef = 467E5C8F2DDDF17C001B9048 /* SwiftyStoreKit */; };
		467E5C962DDDF1A7001B9048 /* UICircularProgressRing in Frameworks */ = {isa = PBXBuildFile; productRef = 467E5C952DDDF1A7001B9048 /* UICircularProgressRing */; };
		467E5C992DDDF1B8001B9048 /* ApphudSDK in Frameworks */ = {isa = PBXBuildFile; productRef = 467E5C982DDDF1B8001B9048 /* ApphudSDK */; };
		467E5D242DDE36F4001B9048 /* RealmSwift in Embed Frameworks */ = {isa = PBXBuildFile; productRef = 467E5C8C2DDDF171001B9048 /* RealmSwift */; settings = {ATTRIBUTES = (CodeSignOnCopy, ); }; };
		467E5D3D2DDFC9D1001B9048 /* Pulsator in Frameworks */ = {isa = PBXBuildFile; productRef = 467E5D3C2DDFC9D1001B9048 /* Pulsator */; };
		46E1A5A12DFC474F001268DC /* Crypto in Frameworks */ = {isa = PBXBuildFile; productRef = 46E1A5A02DFC474F001268DC /* Crypto */; };
		46EE22632E61A390007573D3 /* AmplitudeSwift in Frameworks */ = {isa = PBXBuildFile; productRef = 46EE22622E61A390007573D3 /* AmplitudeSwift */; };
/* End PBXBuildFile section */

/* Begin PBXContainerItemProxy section */
		4668CF952E6090F0003EC84C /* PBXContainerItemProxy */ = {
			isa = PBXContainerItemProxy;
			containerPortal = 467E5C652DDDF05F001B9048 /* Project object */;
			proxyType = 1;
			remoteGlobalIDString = 4668CF8C2E6090ED003EC84C;
			remoteInfo = "HeartRate Watch App";
		};
/* End PBXContainerItemProxy section */

/* Begin PBXCopyFilesBuildPhase section */
		4668CF982E6090F0003EC84C /* Embed Watch Content */ = {
			isa = PBXCopyFilesBuildPhase;
			buildActionMask = 2147483647;
			dstPath = "$(CONTENTS_FOLDER_PATH)/Watch";
			dstSubfolderSpec = 16;
			files = (
				4668CF972E6090F0003EC84C /* HeartRate Watch App.app in Embed Watch Content */,
			);
			name = "Embed Watch Content";
			runOnlyForDeploymentPostprocessing = 0;
		};
		467E5D252DDE36F4001B9048 /* Embed Frameworks */ = {
			isa = PBXCopyFilesBuildPhase;
			buildActionMask = 2147483647;
			dstPath = "";
			dstSubfolderSpec = 10;
			files = (
				467E5D242DDE36F4001B9048 /* RealmSwift in Embed Frameworks */,
			);
			name = "Embed Frameworks";
			runOnlyForDeploymentPostprocessing = 0;
		};
/* End PBXCopyFilesBuildPhase section */

/* Begin PBXFileReference section */
		4668CF8D2E6090ED003EC84C /* HeartRate Watch App.app */ = {isa = PBXFileReference; explicitFileType = wrapper.application; includeInIndex = 0; path = "HeartRate Watch App.app"; sourceTree = BUILT_PRODUCTS_DIR; };
		467E5C6D2DDDF05F001B9048 /* cl.heart.app */ = {isa = PBXFileReference; explicitFileType = wrapper.application; includeInIndex = 0; path = cl.heart.app; sourceTree = BUILT_PRODUCTS_DIR; };
/* End PBXFileReference section */

/* Begin PBXFileSystemSynchronizedBuildFileExceptionSet section */
		467E5C7F2DDDF061001B9048 /* Exceptions for "cl.heart" folder in "cl.heart" target */ = {
			isa = PBXFileSystemSynchronizedBuildFileExceptionSet;
			membershipExceptions = (
				Info.plist,
			);
			target = 467E5C6C2DDDF05F001B9048 /* cl.heart */;
		};
/* End PBXFileSystemSynchronizedBuildFileExceptionSet section */

/* Begin PBXFileSystemSynchronizedRootGroup section */
		4668CF8E2E6090ED003EC84C /* HeartRate Watch App */ = {
			isa = PBXFileSystemSynchronizedRootGroup;
			path = "HeartRate Watch App";
			sourceTree = "<group>";
		};
		467E5C6F2DDDF05F001B9048 /* cl.heart */ = {
			isa = PBXFileSystemSynchronizedRootGroup;
			exceptions = (
				467E5C7F2DDDF061001B9048 /* Exceptions for "cl.heart" folder in "cl.heart" target */,
			);
			path = cl.heart;
			sourceTree = "<group>";
		};
/* End PBXFileSystemSynchronizedRootGroup section */

/* Begin PBXFrameworksBuildPhase section */
		4668CF8A2E6090ED003EC84C /* Frameworks */ = {
			isa = PBXFrameworksBuildPhase;
			buildActionMask = 2147483647;
			files = (
			);
			runOnlyForDeploymentPostprocessing = 0;
		};
		467E5C6A2DDDF05F001B9048 /* Frameworks */ = {
			isa = PBXFrameworksBuildPhase;
			buildActionMask = 2147483647;
			files = (
				46E1A5A12DFC474F001268DC /* Crypto in Frameworks */,
				4677EB4B2DF302EF007B74A7 /* AppsFlyerLib in Frameworks */,
				467E5C8D2DDDF171001B9048 /* RealmSwift in Frameworks */,
				467E5C992DDDF1B8001B9048 /* ApphudSDK in Frameworks */,
				467E5C962DDDF1A7001B9048 /* UICircularProgressRing in Frameworks */,
				467E5D3D2DDFC9D1001B9048 /* Pulsator in Frameworks */,
				4607BB5E2DE8DEE800FB53D1 /* DGCharts in Frameworks */,
				46442C922E02F4DF00BEC27E /* IMProgressHUD in Frameworks */,
				46EE22632E61A390007573D3 /* AmplitudeSwift in Frameworks */,
				467E5C902DDDF17C001B9048 /* SwiftyStoreKit in Frameworks */,
			);
			runOnlyForDeploymentPostprocessing = 0;
		};
/* End PBXFrameworksBuildPhase section */

/* Begin PBXGroup section */
		467E5C642DDDF05F001B9048 = {
			isa = PBXGroup;
			children = (
				467E5C6F2DDDF05F001B9048 /* cl.heart */,
				4668CF8E2E6090ED003EC84C /* HeartRate Watch App */,
				467E5C6E2DDDF05F001B9048 /* Products */,
			);
			sourceTree = "<group>";
		};
		467E5C6E2DDDF05F001B9048 /* Products */ = {
			isa = PBXGroup;
			children = (
				467E5C6D2DDDF05F001B9048 /* cl.heart.app */,
				4668CF8D2E6090ED003EC84C /* HeartRate Watch App.app */,
			);
			name = Products;
			sourceTree = "<group>";
		};
/* End PBXGroup section */

/* Begin PBXNativeTarget section */
		4668CF8C2E6090ED003EC84C /* HeartRate Watch App */ = {
			isa = PBXNativeTarget;
			buildConfigurationList = 4668CF9B2E6090F0003EC84C /* Build configuration list for PBXNativeTarget "HeartRate Watch App" */;
			buildPhases = (
				4668CF892E6090ED003EC84C /* Sources */,
				4668CF8A2E6090ED003EC84C /* Frameworks */,
				4668CF8B2E6090ED003EC84C /* Resources */,
			);
			buildRules = (
			);
			dependencies = (
			);
			fileSystemSynchronizedGroups = (
				4668CF8E2E6090ED003EC84C /* HeartRate Watch App */,
			);
			name = "HeartRate Watch App";
			packageProductDependencies = (
			);
			productName = "HeartRate Watch App";
			productReference = 4668CF8D2E6090ED003EC84C /* HeartRate Watch App.app */;
			productType = "com.apple.product-type.application";
		};
		467E5C6C2DDDF05F001B9048 /* cl.heart */ = {
			isa = PBXNativeTarget;
			buildConfigurationList = 467E5C802DDDF061001B9048 /* Build configuration list for PBXNativeTarget "cl.heart" */;
			buildPhases = (
				467E5C692DDDF05F001B9048 /* Sources */,
				467E5C6A2DDDF05F001B9048 /* Frameworks */,
				467E5C6B2DDDF05F001B9048 /* Resources */,
				467E5D252DDE36F4001B9048 /* Embed Frameworks */,
				4668CF982E6090F0003EC84C /* Embed Watch Content */,
			);
			buildRules = (
			);
			dependencies = (
				4668CF962E6090F0003EC84C /* PBXTargetDependency */,
			);
			fileSystemSynchronizedGroups = (
				467E5C6F2DDDF05F001B9048 /* cl.heart */,
			);
			name = cl.heart;
			packageProductDependencies = (
				467E5C8C2DDDF171001B9048 /* RealmSwift */,
				467E5C8F2DDDF17C001B9048 /* SwiftyStoreKit */,
				467E5C952DDDF1A7001B9048 /* UICircularProgressRing */,
				467E5C982DDDF1B8001B9048 /* ApphudSDK */,
				467E5D3C2DDFC9D1001B9048 /* Pulsator */,
				4607BB5D2DE8DEE800FB53D1 /* DGCharts */,
				4677EB4A2DF302EF007B74A7 /* AppsFlyerLib */,
				46E1A5A02DFC474F001268DC /* Crypto */,
				46442C912E02F4DF00BEC27E /* IMProgressHUD */,
				46EE22622E61A390007573D3 /* AmplitudeSwift */,
			);
			productName = cl.heart;
			productReference = 467E5C6D2DDDF05F001B9048 /* cl.heart.app */;
			productType = "com.apple.product-type.application";
		};
/* End PBXNativeTarget section */

/* Begin PBXProject section */
		467E5C652DDDF05F001B9048 /* Project object */ = {
			isa = PBXProject;
			attributes = {
				BuildIndependentTargetsInParallel = 1;
				LastSwiftUpdateCheck = 1640;
				LastUpgradeCheck = 1630;
				TargetAttributes = {
					4668CF8C2E6090ED003EC84C = {
						CreatedOnToolsVersion = 16.4;
					};
					467E5C6C2DDDF05F001B9048 = {
						CreatedOnToolsVersion = 16.3;
						LastSwiftMigration = 1630;
					};
				};
			};
			buildConfigurationList = 467E5C682DDDF05F001B9048 /* Build configuration list for PBXProject "cl.heart" */;
			developmentRegion = en;
			hasScannedForEncodings = 0;
			knownRegions = (
				en,
				Base,
			);
			mainGroup = 467E5C642DDDF05F001B9048;
			minimizedProjectReferenceProxies = 1;
			packageReferences = (
				467E5C8B2DDDF171001B9048 /* XCRemoteSwiftPackageReference "realm-swift" */,
				467E5C8E2DDDF17C001B9048 /* XCRemoteSwiftPackageReference "SwiftyStoreKit" */,
				467E5C942DDDF1A7001B9048 /* XCRemoteSwiftPackageReference "UICircularProgressRing" */,
				467E5C972DDDF1B8001B9048 /* XCRemoteSwiftPackageReference "ApphudSDK" */,
				467E5D3B2DDFC9D1001B9048 /* XCRemoteSwiftPackageReference "Pulsator" */,
				4607BB5C2DE8DEE800FB53D1 /* XCRemoteSwiftPackageReference "Charts" */,
				4677EB492DF302EF007B74A7 /* XCRemoteSwiftPackageReference "AppsFlyerFramework" */,
				46E1A59F2DFC474F001268DC /* XCRemoteSwiftPackageReference "swift-crypto" */,
				46442C902E02F4DF00BEC27E /* XCRemoteSwiftPackageReference "IMProgressHUD" */,
				46EE22612E61A390007573D3 /* XCRemoteSwiftPackageReference "Amplitude-Swift" */,
			);
			preferredProjectObjectVersion = 77;
			productRefGroup = 467E5C6E2DDDF05F001B9048 /* Products */;
			projectDirPath = "";
			projectRoot = "";
			targets = (
				467E5C6C2DDDF05F001B9048 /* cl.heart */,
				4668CF8C2E6090ED003EC84C /* HeartRate Watch App */,
			);
		};
/* End PBXProject section */

/* Begin PBXResourcesBuildPhase section */
		4668CF8B2E6090ED003EC84C /* Resources */ = {
			isa = PBXResourcesBuildPhase;
			buildActionMask = 2147483647;
			files = (
			);
			runOnlyForDeploymentPostprocessing = 0;
		};
		467E5C6B2DDDF05F001B9048 /* Resources */ = {
			isa = PBXResourcesBuildPhase;
			buildActionMask = 2147483647;
			files = (
			);
			runOnlyForDeploymentPostprocessing = 0;
		};
/* End PBXResourcesBuildPhase section */

/* Begin PBXSourcesBuildPhase section */
		4668CF892E6090ED003EC84C /* Sources */ = {
			isa = PBXSourcesBuildPhase;
			buildActionMask = 2147483647;
			files = (
			);
			runOnlyForDeploymentPostprocessing = 0;
		};
		467E5C692DDDF05F001B9048 /* Sources */ = {
			isa = PBXSourcesBuildPhase;
			buildActionMask = 2147483647;
			files = (
			);
			runOnlyForDeploymentPostprocessing = 0;
		};
/* End PBXSourcesBuildPhase section */

/* Begin PBXTargetDependency section */
		4668CF962E6090F0003EC84C /* PBXTargetDependency */ = {
			isa = PBXTargetDependency;
			target = 4668CF8C2E6090ED003EC84C /* HeartRate Watch App */;
			targetProxy = 4668CF952E6090F0003EC84C /* PBXContainerItemProxy */;
		};
/* End PBXTargetDependency section */

/* Begin XCBuildConfiguration section */
		4668CF992E6090F0003EC84C /* Debug */ = {
			isa = XCBuildConfiguration;
			buildSettings = {
				ASSETCATALOG_COMPILER_APPICON_NAME = AppIcon;
				ASSETCATALOG_COMPILER_GLOBAL_ACCENT_COLOR_NAME = AccentColor;
				CODE_SIGN_ENTITLEMENTS = "HeartRate Watch App/HeartRate Watch App.entitlements";
				CODE_SIGN_IDENTITY = "Apple Development";
				CODE_SIGN_STYLE = Manual;
				CURRENT_PROJECT_VERSION = 2;
				DEVELOPMENT_TEAM = "";
				ENABLE_PREVIEWS = YES;
				GENERATE_INFOPLIST_FILE = YES;
				INFOPLIST_KEY_CFBundleDisplayName = HeartRate;
				INFOPLIST_KEY_NSHealthShareUsageDescription = "This app reads your heart rate to show measurements and insights.";
				INFOPLIST_KEY_NSHealthUpdateUsageDescription = "This app writes workout sessions to enable live heart rate measurements.";
				INFOPLIST_KEY_UISupportedInterfaceOrientations = "UIInterfaceOrientationPortrait UIInterfaceOrientationPortraitUpsideDown";
				INFOPLIST_KEY_WKCompanionAppBundleIdentifier = com.stress.heartrate.app;
				LD_RUNPATH_SEARCH_PATHS = (
					"$(inherited)",
					"@executable_path/Frameworks",
				);
				MARKETING_VERSION = 1.0.1;
				PRODUCT_BUNDLE_IDENTIFIER = com.stress.heartrate.app.watchkitapp;
				PRODUCT_NAME = "$(TARGET_NAME)";
				PROVISIONING_PROFILE_SPECIFIER = "";
				SDKROOT = watchos;
				SKIP_INSTALL = YES;
				SWIFT_EMIT_LOC_STRINGS = YES;
				SWIFT_VERSION = 5.0;
				TARGETED_DEVICE_FAMILY = 4;
				WATCHOS_DEPLOYMENT_TARGET = 11.5;
			};
			name = Debug;
		};
		4668CF9A2E6090F0003EC84C /* Release */ = {
			isa = XCBuildConfiguration;
			buildSettings = {
				ASSETCATALOG_COMPILER_APPICON_NAME = AppIcon;
				ASSETCATALOG_COMPILER_GLOBAL_ACCENT_COLOR_NAME = AccentColor;
				CODE_SIGN_ENTITLEMENTS = "HeartRate Watch App/HeartRate Watch App.entitlements";
				CODE_SIGN_IDENTITY = "Apple Development";
				CODE_SIGN_STYLE = Manual;
				CURRENT_PROJECT_VERSION = 2;
				DEVELOPMENT_TEAM = "";
				ENABLE_PREVIEWS = YES;
				GENERATE_INFOPLIST_FILE = YES;
				INFOPLIST_KEY_CFBundleDisplayName = HeartRate;
				INFOPLIST_KEY_NSHealthShareUsageDescription = "This app reads your heart rate to show measurements and insights.";
				INFOPLIST_KEY_NSHealthUpdateUsageDescription = "This app writes workout sessions to enable live heart rate measurements.";
				INFOPLIST_KEY_UISupportedInterfaceOrientations = "UIInterfaceOrientationPortrait UIInterfaceOrientationPortraitUpsideDown";
				INFOPLIST_KEY_WKCompanionAppBundleIdentifier = com.stress.heartrate.app;
				LD_RUNPATH_SEARCH_PATHS = (
					"$(inherited)",
					"@executable_path/Frameworks",
				);
				MARKETING_VERSION = 1.0.1;
				PRODUCT_BUNDLE_IDENTIFIER = com.stress.heartrate.app.watchkitapp;
				PRODUCT_NAME = "$(TARGET_NAME)";
				PROVISIONING_PROFILE_SPECIFIER = "";
				SDKROOT = watchos;
				SKIP_INSTALL = YES;
				SWIFT_EMIT_LOC_STRINGS = YES;
				SWIFT_VERSION = 5.0;
				TARGETED_DEVICE_FAMILY = 4;
				WATCHOS_DEPLOYMENT_TARGET = 11.5;
			};
			name = Release;
		};
		467E5C812DDDF061001B9048 /* Debug */ = {
			isa = XCBuildConfiguration;
			buildSettings = {
				ASSETCATALOG_COMPILER_APPICON_NAME = AppIcon;
				ASSETCATALOG_COMPILER_GLOBAL_ACCENT_COLOR_NAME = AccentColor;
				ASSETCATALOG_COMPILER_INCLUDE_ALL_APPICON_ASSETS = YES;
				CLANG_ENABLE_MODULES = YES;
				CODE_SIGN_ENTITLEMENTS = cl.heart/cl.heart.entitlements;
				CODE_SIGN_IDENTITY = "Apple Development";
				CODE_SIGN_STYLE = Manual;
				CURRENT_PROJECT_VERSION = 5;
				DEVELOPMENT_TEAM = "";
				GENERATE_INFOPLIST_FILE = YES;
				INFOPLIST_FILE = cl.heart/Info.plist;
				INFOPLIST_KEY_CFBundleDisplayName = "Heart Rate";
				INFOPLIST_KEY_ITSAppUsesNonExemptEncryption = NO;
				INFOPLIST_KEY_NSCameraUsageDescription = "This app uses your camera and flashlight to monitor heart by fingertip";
				INFOPLIST_KEY_NSHealthShareUsageDescription = "We read your heart rate from Apple Health to import past measurements and show trends in the app.";
				INFOPLIST_KEY_NSHealthUpdateUsageDescription = "We write workouts and heart rate measurements you record in the app to Apple Health so they appear in your Health data.";
				INFOPLIST_KEY_NSUserTrackingUsageDescription = "Your data will be used to measure advertising efficiency.";
				INFOPLIST_KEY_UIApplicationSupportsIndirectInputEvents = YES;
				INFOPLIST_KEY_UILaunchStoryboardName = LaunchScreen.storyboard;
				INFOPLIST_KEY_UIMainStoryboardFile = "";
				INFOPLIST_KEY_UISupportedInterfaceOrientations = UIInterfaceOrientationPortrait;
				IPHONEOS_DEPLOYMENT_TARGET = 16;
				LD_RUNPATH_SEARCH_PATHS = (
					"$(inherited)",
					"@executable_path/Frameworks",
				);
				MARKETING_VERSION = 1.0.4;
				PRODUCT_BUNDLE_IDENTIFIER = com.stress.heartrate.app;
				PRODUCT_NAME = "$(TARGET_NAME)";
				PROVISIONING_PROFILE_SPECIFIER = "";
				SUPPORTED_PLATFORMS = "iphoneos iphonesimulator";
				SUPPORTS_MACCATALYST = NO;
				SUPPORTS_MAC_DESIGNED_FOR_IPHONE_IPAD = NO;
				SUPPORTS_XR_DESIGNED_FOR_IPHONE_IPAD = NO;
				SWIFT_EMIT_LOC_STRINGS = YES;
				SWIFT_OBJC_BRIDGING_HEADER = "cl.heart/detector/cl.heart-Bridging-Header.h";
				SWIFT_OPTIMIZATION_LEVEL = "-Onone";
				SWIFT_VERSION = 5.0;
				TARGETED_DEVICE_FAMILY = 1;
			};
			name = Debug;
		};
		467E5C822DDDF061001B9048 /* Release */ = {
			isa = XCBuildConfiguration;
			buildSettings = {
				ASSETCATALOG_COMPILER_APPICON_NAME = AppIcon;
				ASSETCATALOG_COMPILER_GLOBAL_ACCENT_COLOR_NAME = AccentColor;
				ASSETCATALOG_COMPILER_INCLUDE_ALL_APPICON_ASSETS = YES;
				CLANG_ENABLE_MODULES = YES;
				CODE_SIGN_ENTITLEMENTS = cl.heart/cl.heart.entitlements;
				CODE_SIGN_IDENTITY = "Apple Development";
				CODE_SIGN_STYLE = Manual;
				CURRENT_PROJECT_VERSION = 5;
				DEVELOPMENT_TEAM = "";
				GENERATE_INFOPLIST_FILE = YES;
				INFOPLIST_FILE = cl.heart/Info.plist;
				INFOPLIST_KEY_CFBundleDisplayName = "Heart Rate";
				INFOPLIST_KEY_ITSAppUsesNonExemptEncryption = NO;
				INFOPLIST_KEY_NSCameraUsageDescription = "This app uses your camera and flashlight to monitor heart by fingertip";
				INFOPLIST_KEY_NSHealthShareUsageDescription = "We read your heart rate from Apple Health to import past measurements and show trends in the app.";
				INFOPLIST_KEY_NSHealthUpdateUsageDescription = "We write workouts and heart rate measurements you record in the app to Apple Health so they appear in your Health data.";
				INFOPLIST_KEY_NSUserTrackingUsageDescription = "Your data will be used to measure advertising efficiency.";
				INFOPLIST_KEY_UIApplicationSupportsIndirectInputEvents = YES;
				INFOPLIST_KEY_UILaunchStoryboardName = LaunchScreen.storyboard;
				INFOPLIST_KEY_UIMainStoryboardFile = "";
				INFOPLIST_KEY_UISupportedInterfaceOrientations = UIInterfaceOrientationPortrait;
				IPHONEOS_DEPLOYMENT_TARGET = 16;
				LD_RUNPATH_SEARCH_PATHS = (
					"$(inherited)",
					"@executable_path/Frameworks",
				);
				MARKETING_VERSION = 1.0.4;
				PRODUCT_BUNDLE_IDENTIFIER = com.stress.heartrate.app;
				PRODUCT_NAME = "$(TARGET_NAME)";
				PROVISIONING_PROFILE_SPECIFIER = "";
				SUPPORTED_PLATFORMS = "iphoneos iphonesimulator";
				SUPPORTS_MACCATALYST = NO;
				SUPPORTS_MAC_DESIGNED_FOR_IPHONE_IPAD = NO;
				SUPPORTS_XR_DESIGNED_FOR_IPHONE_IPAD = NO;
				SWIFT_EMIT_LOC_STRINGS = YES;
				SWIFT_OBJC_BRIDGING_HEADER = "cl.heart/detector/cl.heart-Bridging-Header.h";
				SWIFT_VERSION = 5.0;
				TARGETED_DEVICE_FAMILY = 1;
			};
			name = Release;
		};
		467E5C832DDDF061001B9048 /* Debug */ = {
			isa = XCBuildConfiguration;
			buildSettings = {
				ALWAYS_SEARCH_USER_PATHS = NO;
				ASSETCATALOG_COMPILER_GENERATE_SWIFT_ASSET_SYMBOL_EXTENSIONS = YES;
				CLANG_ANALYZER_NONNULL = YES;
				CLANG_ANALYZER_NUMBER_OBJECT_CONVERSION = YES_AGGRESSIVE;
				CLANG_CXX_LANGUAGE_STANDARD = "gnu++20";
				CLANG_ENABLE_MODULES = YES;
				CLANG_ENABLE_OBJC_ARC = YES;
				CLANG_ENABLE_OBJC_WEAK = YES;
				CLANG_WARN_BLOCK_CAPTURE_AUTORELEASING = YES;
				CLANG_WARN_BOOL_CONVERSION = YES;
				CLANG_WARN_COMMA = YES;
				CLANG_WARN_CONSTANT_CONVERSION = YES;
				CLANG_WARN_DEPRECATED_OBJC_IMPLEMENTATIONS = YES;
				CLANG_WARN_DIRECT_OBJC_ISA_USAGE = YES_ERROR;
				CLANG_WARN_DOCUMENTATION_COMMENTS = YES;
				CLANG_WARN_EMPTY_BODY = YES;
				CLANG_WARN_ENUM_CONVERSION = YES;
				CLANG_WARN_INFINITE_RECURSION = YES;
				CLANG_WARN_INT_CONVERSION = YES;
				CLANG_WARN_NON_LITERAL_NULL_CONVERSION = YES;
				CLANG_WARN_OBJC_IMPLICIT_RETAIN_SELF = YES;
				CLANG_WARN_OBJC_LITERAL_CONVERSION = YES;
				CLANG_WARN_OBJC_ROOT_CLASS = YES_ERROR;
				CLANG_WARN_QUOTED_INCLUDE_IN_FRAMEWORK_HEADER = YES;
				CLANG_WARN_RANGE_LOOP_ANALYSIS = YES;
				CLANG_WARN_STRICT_PROTOTYPES = YES;
				CLANG_WARN_SUSPICIOUS_MOVE = YES;
				CLANG_WARN_UNGUARDED_AVAILABILITY = YES_AGGRESSIVE;
				CLANG_WARN_UNREACHABLE_CODE = YES;
				CLANG_WARN__DUPLICATE_METHOD_MATCH = YES;
				COPY_PHASE_STRIP = NO;
				DEBUG_INFORMATION_FORMAT = dwarf;
				DEVELOPMENT_TEAM = 8S8V4638L5;
				ENABLE_STRICT_OBJC_MSGSEND = YES;
				ENABLE_TESTABILITY = YES;
				ENABLE_USER_SCRIPT_SANDBOXING = YES;
				GCC_C_LANGUAGE_STANDARD = gnu17;
				GCC_DYNAMIC_NO_PIC = NO;
				GCC_NO_COMMON_BLOCKS = YES;
				GCC_OPTIMIZATION_LEVEL = 0;
				GCC_PREPROCESSOR_DEFINITIONS = (
					"DEBUG=1",
					"$(inherited)",
				);
				GCC_WARN_64_TO_32_BIT_CONVERSION = YES;
				GCC_WARN_ABOUT_RETURN_TYPE = YES_ERROR;
				GCC_WARN_UNDECLARED_SELECTOR = YES;
				GCC_WARN_UNINITIALIZED_AUTOS = YES_AGGRESSIVE;
				GCC_WARN_UNUSED_FUNCTION = YES;
				GCC_WARN_UNUSED_VARIABLE = YES;
				IPHONEOS_DEPLOYMENT_TARGET = 18.4;
				LOCALIZATION_PREFERS_STRING_CATALOGS = YES;
				MTL_ENABLE_DEBUG_INFO = INCLUDE_SOURCE;
				MTL_FAST_MATH = YES;
				ONLY_ACTIVE_ARCH = YES;
				SDKROOT = iphoneos;
				SWIFT_ACTIVE_COMPILATION_CONDITIONS = "DEBUG $(inherited)";
				SWIFT_OPTIMIZATION_LEVEL = "-Onone";
			};
			name = Debug;
		};
		467E5C842DDDF061001B9048 /* Release */ = {
			isa = XCBuildConfiguration;
			buildSettings = {
				ALWAYS_SEARCH_USER_PATHS = NO;
				ASSETCATALOG_COMPILER_GENERATE_SWIFT_ASSET_SYMBOL_EXTENSIONS = YES;
				CLANG_ANALYZER_NONNULL = YES;
				CLANG_ANALYZER_NUMBER_OBJECT_CONVERSION = YES_AGGRESSIVE;
				CLANG_CXX_LANGUAGE_STANDARD = "gnu++20";
				CLANG_ENABLE_MODULES = YES;
				CLANG_ENABLE_OBJC_ARC = YES;
				CLANG_ENABLE_OBJC_WEAK = YES;
				CLANG_WARN_BLOCK_CAPTURE_AUTORELEASING = YES;
				CLANG_WARN_BOOL_CONVERSION = YES;
				CLANG_WARN_COMMA = YES;
				CLANG_WARN_CONSTANT_CONVERSION = YES;
				CLANG_WARN_DEPRECATED_OBJC_IMPLEMENTATIONS = YES;
				CLANG_WARN_DIRECT_OBJC_ISA_USAGE = YES_ERROR;
				CLANG_WARN_DOCUMENTATION_COMMENTS = YES;
				CLANG_WARN_EMPTY_BODY = YES;
				CLANG_WARN_ENUM_CONVERSION = YES;
				CLANG_WARN_INFINITE_RECURSION = YES;
				CLANG_WARN_INT_CONVERSION = YES;
				CLANG_WARN_NON_LITERAL_NULL_CONVERSION = YES;
				CLANG_WARN_OBJC_IMPLICIT_RETAIN_SELF = YES;
				CLANG_WARN_OBJC_LITERAL_CONVERSION = YES;
				CLANG_WARN_OBJC_ROOT_CLASS = YES_ERROR;
				CLANG_WARN_QUOTED_INCLUDE_IN_FRAMEWORK_HEADER = YES;
				CLANG_WARN_RANGE_LOOP_ANALYSIS = YES;
				CLANG_WARN_STRICT_PROTOTYPES = YES;
				CLANG_WARN_SUSPICIOUS_MOVE = YES;
				CLANG_WARN_UNGUARDED_AVAILABILITY = YES_AGGRESSIVE;
				CLANG_WARN_UNREACHABLE_CODE = YES;
				CLANG_WARN__DUPLICATE_METHOD_MATCH = YES;
				COPY_PHASE_STRIP = NO;
				DEBUG_INFORMATION_FORMAT = "dwarf-with-dsym";
				DEVELOPMENT_TEAM = 8S8V4638L5;
				ENABLE_NS_ASSERTIONS = NO;
				ENABLE_STRICT_OBJC_MSGSEND = YES;
				ENABLE_USER_SCRIPT_SANDBOXING = YES;
				GCC_C_LANGUAGE_STANDARD = gnu17;
				GCC_NO_COMMON_BLOCKS = YES;
				GCC_WARN_64_TO_32_BIT_CONVERSION = YES;
				GCC_WARN_ABOUT_RETURN_TYPE = YES_ERROR;
				GCC_WARN_UNDECLARED_SELECTOR = YES;
				GCC_WARN_UNINITIALIZED_AUTOS = YES_AGGRESSIVE;
				GCC_WARN_UNUSED_FUNCTION = YES;
				GCC_WARN_UNUSED_VARIABLE = YES;
				IPHONEOS_DEPLOYMENT_TARGET = 18.4;
				LOCALIZATION_PREFERS_STRING_CATALOGS = YES;
				MTL_ENABLE_DEBUG_INFO = NO;
				MTL_FAST_MATH = YES;
				SDKROOT = iphoneos;
				SWIFT_COMPILATION_MODE = wholemodule;
				VALIDATE_PRODUCT = YES;
			};
			name = Release;
		};
/* End XCBuildConfiguration section */

/* Begin XCConfigurationList section */
		4668CF9B2E6090F0003EC84C /* Build configuration list for PBXNativeTarget "HeartRate Watch App" */ = {
			isa = XCConfigurationList;
			buildConfigurations = (
				4668CF992E6090F0003EC84C /* Debug */,
				4668CF9A2E6090F0003EC84C /* Release */,
			);
			defaultConfigurationIsVisible = 0;
			defaultConfigurationName = Release;
		};
		467E5C682DDDF05F001B9048 /* Build configuration list for PBXProject "cl.heart" */ = {
			isa = XCConfigurationList;
			buildConfigurations = (
				467E5C832DDDF061001B9048 /* Debug */,
				467E5C842DDDF061001B9048 /* Release */,
			);
			defaultConfigurationIsVisible = 0;
			defaultConfigurationName = Release;
		};
		467E5C802DDDF061001B9048 /* Build configuration list for PBXNativeTarget "cl.heart" */ = {
			isa = XCConfigurationList;
			buildConfigurations = (
				467E5C812DDDF061001B9048 /* Debug */,
				467E5C822DDDF061001B9048 /* Release */,
			);
			defaultConfigurationIsVisible = 0;
			defaultConfigurationName = Release;
		};
/* End XCConfigurationList section */

/* Begin XCRemoteSwiftPackageReference section */
		4607BB5C2DE8DEE800FB53D1 /* XCRemoteSwiftPackageReference "Charts" */ = {
			isa = XCRemoteSwiftPackageReference;
			repositoryURL = "https://github.com/danielgindi/Charts";
			requirement = {
				kind = upToNextMajorVersion;
				minimumVersion = 5.1.0;
			};
		};
		46442C902E02F4DF00BEC27E /* XCRemoteSwiftPackageReference "IMProgressHUD" */ = {
			isa = XCRemoteSwiftPackageReference;
			repositoryURL = "https://github.com/immortal-it/IMProgressHUD";
			requirement = {
				kind = upToNextMajorVersion;
				minimumVersion = 1.0.0;
			};
		};
		4677EB492DF302EF007B74A7 /* XCRemoteSwiftPackageReference "AppsFlyerFramework" */ = {
			isa = XCRemoteSwiftPackageReference;
			repositoryURL = "https://github.com/AppsFlyerSDK/AppsFlyerFramework";
			requirement = {
				kind = upToNextMajorVersion;
				minimumVersion = 6.17.0;
			};
		};
		467E5C8B2DDDF171001B9048 /* XCRemoteSwiftPackageReference "realm-swift" */ = {
			isa = XCRemoteSwiftPackageReference;
			repositoryURL = "https://github.com/realm/realm-swift.git";
			requirement = {
				branch = master;
				kind = branch;
			};
		};
		467E5C8E2DDDF17C001B9048 /* XCRemoteSwiftPackageReference "SwiftyStoreKit" */ = {
			isa = XCRemoteSwiftPackageReference;
			repositoryURL = "https://github.com/bizz84/SwiftyStoreKit";
			requirement = {
				kind = upToNextMajorVersion;
				minimumVersion = 0.16.4;
			};
		};
		467E5C942DDDF1A7001B9048 /* XCRemoteSwiftPackageReference "UICircularProgressRing" */ = {
			isa = XCRemoteSwiftPackageReference;
			repositoryURL = "https://github.com/luispadron/UICircularProgressRing";
			requirement = {
				kind = upToNextMinorVersion;
				minimumVersion = 6.5.0;
			};
		};
		467E5C972DDDF1B8001B9048 /* XCRemoteSwiftPackageReference "ApphudSDK" */ = {
			isa = XCRemoteSwiftPackageReference;
			repositoryURL = "https://github.com/apphud/ApphudSDK";
			requirement = {
				kind = upToNextMajorVersion;
				minimumVersion = 3.6.2;
			};
		};
		467E5D3B2DDFC9D1001B9048 /* XCRemoteSwiftPackageReference "Pulsator" */ = {
			isa = XCRemoteSwiftPackageReference;
			repositoryURL = "https://github.com/shu223/Pulsator";
			requirement = {
				kind = upToNextMajorVersion;
				minimumVersion = 0.6.3;
			};
		};
		46E1A59F2DFC474F001268DC /* XCRemoteSwiftPackageReference "swift-crypto" */ = {
			isa = XCRemoteSwiftPackageReference;
			repositoryURL = "https://github.com/apple/swift-crypto.git";
			requirement = {
				kind = upToNextMajorVersion;
				minimumVersion = 3.12.3;
			};
		};
		46EE22612E61A390007573D3 /* XCRemoteSwiftPackageReference "Amplitude-Swift" */ = {
			isa = XCRemoteSwiftPackageReference;
			repositoryURL = "https://github.com/amplitude/Amplitude-Swift";
			requirement = {
				branch = main;
				kind = branch;
			};
		};
/* End XCRemoteSwiftPackageReference section */

/* Begin XCSwiftPackageProductDependency section */
		4607BB5D2DE8DEE800FB53D1 /* DGCharts */ = {
			isa = XCSwiftPackageProductDependency;
			package = 4607BB5C2DE8DEE800FB53D1 /* XCRemoteSwiftPackageReference "Charts" */;
			productName = DGCharts;
		};
		46442C912E02F4DF00BEC27E /* IMProgressHUD */ = {
			isa = XCSwiftPackageProductDependency;
			package = 46442C902E02F4DF00BEC27E /* XCRemoteSwiftPackageReference "IMProgressHUD" */;
			productName = IMProgressHUD;
		};
		4677EB4A2DF302EF007B74A7 /* AppsFlyerLib */ = {
			isa = XCSwiftPackageProductDependency;
			package = 4677EB492DF302EF007B74A7 /* XCRemoteSwiftPackageReference "AppsFlyerFramework" */;
			productName = AppsFlyerLib;
		};
		467E5C8C2DDDF171001B9048 /* RealmSwift */ = {
			isa = XCSwiftPackageProductDependency;
			package = 467E5C8B2DDDF171001B9048 /* XCRemoteSwiftPackageReference "realm-swift" */;
			productName = RealmSwift;
		};
		467E5C8F2DDDF17C001B9048 /* SwiftyStoreKit */ = {
			isa = XCSwiftPackageProductDependency;
			package = 467E5C8E2DDDF17C001B9048 /* XCRemoteSwiftPackageReference "SwiftyStoreKit" */;
			productName = SwiftyStoreKit;
		};
		467E5C952DDDF1A7001B9048 /* UICircularProgressRing */ = {
			isa = XCSwiftPackageProductDependency;
			package = 467E5C942DDDF1A7001B9048 /* XCRemoteSwiftPackageReference "UICircularProgressRing" */;
			productName = UICircularProgressRing;
		};
		467E5C982DDDF1B8001B9048 /* ApphudSDK */ = {
			isa = XCSwiftPackageProductDependency;
			package = 467E5C972DDDF1B8001B9048 /* XCRemoteSwiftPackageReference "ApphudSDK" */;
			productName = ApphudSDK;
		};
		467E5D3C2DDFC9D1001B9048 /* Pulsator */ = {
			isa = XCSwiftPackageProductDependency;
			package = 467E5D3B2DDFC9D1001B9048 /* XCRemoteSwiftPackageReference "Pulsator" */;
			productName = Pulsator;
		};
		46E1A5A02DFC474F001268DC /* Crypto */ = {
			isa = XCSwiftPackageProductDependency;
			package = 46E1A59F2DFC474F001268DC /* XCRemoteSwiftPackageReference "swift-crypto" */;
			productName = Crypto;
		};
		46EE22622E61A390007573D3 /* AmplitudeSwift */ = {
			isa = XCSwiftPackageProductDependency;
			package = 46EE22612E61A390007573D3 /* XCRemoteSwiftPackageReference "Amplitude-Swift" */;
			productName = AmplitudeSwift;
		};
/* End XCSwiftPackageProductDependency section */
	};
	rootObject = 467E5C652DDDF05F001B9048 /* Project object */;
}
